// !$*UTF8*$!
{
	archiveVersion = 1;
	classes = {
	};
	objectVersion = 50;
	objects = {

/* Begin PBXBuildFile section */
		A8F2E414252788EB005ED727 /* AppDelegate.swift in Sources */ = {isa = PBXBuildFile; fileRef = A8F2E413252788EB005ED727 /* AppDelegate.swift */; };
		A8F2E416252788EB005ED727 /* SceneDelegate.swift in Sources */ = {isa = PBXBuildFile; fileRef = A8F2E415252788EB005ED727 /* SceneDelegate.swift */; };
		A8F2E418252788EB005ED727 /* ContentView.swift in Sources */ = {isa = PBXBuildFile; fileRef = A8F2E417252788EB005ED727 /* ContentView.swift */; };
		A8F2E41A252788EF005ED727 /* Assets.xcassets in Resources */ = {isa = PBXBuildFile; fileRef = A8F2E419252788EF005ED727 /* Assets.xcassets */; };
		A8F2E41D252788EF005ED727 /* Preview Assets.xcassets in Resources */ = {isa = PBXBuildFile; fileRef = A8F2E41C252788EF005ED727 /* Preview Assets.xcassets */; };
		A8F2E420252788EF005ED727 /* LaunchScreen.storyboard in Resources */ = {isa = PBXBuildFile; fileRef = A8F2E41E252788EF005ED727 /* LaunchScreen.storyboard */; };
/* End PBXBuildFile section */

/* Begin PBXFileReference section */
		A8F2E410252788EB005ED727 /* GRDB5SnapshotTest.app */ = {isa = PBXFileReference; explicitFileType = wrapper.application; includeInIndex = 0; path = GRDB5SnapshotTest.app; sourceTree = BUILT_PRODUCTS_DIR; };
		A8F2E413252788EB005ED727 /* AppDelegate.swift */ = {isa = PBXFileReference; lastKnownFileType = sourcecode.swift; path = AppDelegate.swift; sourceTree = "<group>"; };
		A8F2E415252788EB005ED727 /* SceneDelegate.swift */ = {isa = PBXFileReference; lastKnownFileType = sourcecode.swift; path = SceneDelegate.swift; sourceTree = "<group>"; };
		A8F2E417252788EB005ED727 /* ContentView.swift */ = {isa = PBXFileReference; lastKnownFileType = sourcecode.swift; path = ContentView.swift; sourceTree = "<group>"; };
		A8F2E419252788EF005ED727 /* Assets.xcassets */ = {isa = PBXFileReference; lastKnownFileType = folder.assetcatalog; path = Assets.xcassets; sourceTree = "<group>"; };
		A8F2E41C252788EF005ED727 /* Preview Assets.xcassets */ = {isa = PBXFileReference; lastKnownFileType = folder.assetcatalog; path = "Preview Assets.xcassets"; sourceTree = "<group>"; };
		A8F2E41F252788EF005ED727 /* Base */ = {isa = PBXFileReference; lastKnownFileType = file.storyboard; name = Base; path = Base.lproj/LaunchScreen.storyboard; sourceTree = "<group>"; };
		A8F2E421252788EF005ED727 /* Info.plist */ = {isa = PBXFileReference; lastKnownFileType = text.plist.xml; path = Info.plist; sourceTree = "<group>"; };
/* End PBXFileReference section */

/* Begin PBXFrameworksBuildPhase section */
		A8F2E40D252788EB005ED727 /* Frameworks */ = {
			isa = PBXFrameworksBuildPhase;
			buildActionMask = 2147483647;
			files = (
			);
			runOnlyForDeploymentPostprocessing = 0;
		};
/* End PBXFrameworksBuildPhase section */

/* Begin PBXGroup section */
		A8F2E407252788EB005ED727 = {
			isa = PBXGroup;
			children = (
				A8F2E412252788EB005ED727 /* GRDB5SnapshotTest */,
				A8F2E411252788EB005ED727 /* Products */,
			);
			sourceTree = "<group>";
		};
		A8F2E411252788EB005ED727 /* Products */ = {
			isa = PBXGroup;
			children = (
				A8F2E410252788EB005ED727 /* GRDB5SnapshotTest.app */,
			);
			name = Products;
			sourceTree = "<group>";
		};
		A8F2E412252788EB005ED727 /* GRDB5SnapshotTest */ = {
			isa = PBXGroup;
			children = (
				A8F2E413252788EB005ED727 /* AppDelegate.swift */,
				A8F2E415252788EB005ED727 /* SceneDelegate.swift */,
				A8F2E417252788EB005ED727 /* ContentView.swift */,
				A8F2E419252788EF005ED727 /* Assets.xcassets */,
				A8F2E41E252788EF005ED727 /* LaunchScreen.storyboard */,
				A8F2E421252788EF005ED727 /* Info.plist */,
				A8F2E41B252788EF005ED727 /* Preview Content */,
			);
			path = GRDB5SnapshotTest;
			sourceTree = "<group>";
		};
		A8F2E41B252788EF005ED727 /* Preview Content */ = {
			isa = PBXGroup;
			children = (
				A8F2E41C252788EF005ED727 /* Preview Assets.xcassets */,
			);
			path = "Preview Content";
			sourceTree = "<group>";
		};
/* End PBXGroup section */

/* Begin PBXNativeTarget section */
		A8F2E40F252788EB005ED727 /* GRDB5SnapshotTest */ = {
			isa = PBXNativeTarget;
			buildConfigurationList = A8F2E424252788EF005ED727 /* Build configuration list for PBXNativeTarget "GRDB5SnapshotTest" */;
			buildPhases = (
				A8F2E40C252788EB005ED727 /* Sources */,
				A8F2E40D252788EB005ED727 /* Frameworks */,
				A8F2E40E252788EB005ED727 /* Resources */,
			);
			buildRules = (
			);
			dependencies = (
			);
			name = GRDB5SnapshotTest;
			productName = GRDB5SnapshotTest;
			productReference = A8F2E410252788EB005ED727 /* GRDB5SnapshotTest.app */;
			productType = "com.apple.product-type.application";
		};
/* End PBXNativeTarget section */

/* Begin PBXProject section */
		A8F2E408252788EB005ED727 /* Project object */ = {
			isa = PBXProject;
			attributes = {
				LastSwiftUpdateCheck = 1170;
				LastUpgradeCheck = 1170;
				ORGANIZATIONNAME = "Ben Asher";
				TargetAttributes = {
					A8F2E40F252788EB005ED727 = {
						CreatedOnToolsVersion = 11.7;
					};
				};
			};
			buildConfigurationList = A8F2E40B252788EB005ED727 /* Build configuration list for PBXProject "GRDB5SnapshotTest" */;
			compatibilityVersion = "Xcode 9.3";
			developmentRegion = en;
			hasScannedForEncodings = 0;
			knownRegions = (
				en,
				Base,
			);
			mainGroup = A8F2E407252788EB005ED727;
			productRefGroup = A8F2E411252788EB005ED727 /* Products */;
			projectDirPath = "";
			projectRoot = "";
			targets = (
				A8F2E40F252788EB005ED727 /* GRDB5SnapshotTest */,
			);
		};
/* End PBXProject section */

/* Begin PBXResourcesBuildPhase section */
		A8F2E40E252788EB005ED727 /* Resources */ = {
			isa = PBXResourcesBuildPhase;
			buildActionMask = 2147483647;
			files = (
				A8F2E420252788EF005ED727 /* LaunchScreen.storyboard in Resources */,
				A8F2E41D252788EF005ED727 /* Preview Assets.xcassets in Resources */,
				A8F2E41A252788EF005ED727 /* Assets.xcassets in Resources */,
			);
			runOnlyForDeploymentPostprocessing = 0;
		};
/* End PBXResourcesBuildPhase section */

/* Begin PBXSourcesBuildPhase section */
		A8F2E40C252788EB005ED727 /* Sources */ = {
			isa = PBXSourcesBuildPhase;
			buildActionMask = 2147483647;
			files = (
				A8F2E414252788EB005ED727 /* AppDelegate.swift in Sources */,
				A8F2E416252788EB005ED727 /* SceneDelegate.swift in Sources */,
				A8F2E418252788EB005ED727 /* ContentView.swift in Sources */,
			);
			runOnlyForDeploymentPostprocessing = 0;
		};
/* End PBXSourcesBuildPhase section */

/* Begin PBXVariantGroup section */
		A8F2E41E252788EF005ED727 /* LaunchScreen.storyboard */ = {
			isa = PBXVariantGroup;
			children = (
				A8F2E41F252788EF005ED727 /* Base */,
			);
			name = LaunchScreen.storyboard;
			sourceTree = "<group>";
		};
/* End PBXVariantGroup section */

/* Begin XCBuildConfiguration section */
		A8F2E422252788EF005ED727 /* Debug */ = {
			isa = XCBuildConfiguration;
			buildSettings = {
				ALWAYS_SEARCH_USER_PATHS = NO;
				CLANG_ANALYZER_NONNULL = YES;
				CLANG_ANALYZER_NUMBER_OBJECT_CONVERSION = YES_AGGRESSIVE;
				CLANG_CXX_LANGUAGE_STANDARD = "gnu++14";
				CLANG_CXX_LIBRARY = "libc++";
				CLANG_ENABLE_MODULES = YES;
				CLANG_ENABLE_OBJC_ARC = YES;
				CLANG_ENABLE_OBJC_WEAK = YES;
				CLANG_WARN_BLOCK_CAPTURE_AUTORELEASING = YES;
				CLANG_WARN_BOOL_CONVERSION = YES;
				CLANG_WARN_COMMA = YES;
				CLANG_WARN_CONSTANT_CONVERSION = YES;
				CLANG_WARN_DEPRECATED_OBJC_IMPLEMENTATIONS = YES;
				CLANG_WARN_DIRECT_OBJC_ISA_USAGE = YES_ERROR;
				CLANG_WARN_DOCUMENTATION_COMMENTS = YES;
				CLANG_WARN_EMPTY_BODY = YES;
				CLANG_WARN_ENUM_CONVERSION = YES;
				CLANG_WARN_INFINITE_RECURSION = YES;
				CLANG_WARN_INT_CONVERSION = YES;
				CLANG_WARN_NON_LITERAL_NULL_CONVERSION = YES;
				CLANG_WARN_OBJC_IMPLICIT_RETAIN_SELF = YES;
				CLANG_WARN_OBJC_LITERAL_CONVERSION = YES;
				CLANG_WARN_OBJC_ROOT_CLASS = YES_ERROR;
				CLANG_WARN_RANGE_LOOP_ANALYSIS = YES;
				CLANG_WARN_STRICT_PROTOTYPES = YES;
				CLANG_WARN_SUSPICIOUS_MOVE = YES;
				CLANG_WARN_UNGUARDED_AVAILABILITY = YES_AGGRESSIVE;
				CLANG_WARN_UNREACHABLE_CODE = YES;
				CLANG_WARN__DUPLICATE_METHOD_MATCH = YES;
				COPY_PHASE_STRIP = NO;
				DEBUG_INFORMATION_FORMAT = dwarf;
				ENABLE_STRICT_OBJC_MSGSEND = YES;
				ENABLE_TESTABILITY = YES;
				GCC_C_LANGUAGE_STANDARD = gnu11;
				GCC_DYNAMIC_NO_PIC = NO;
				GCC_NO_COMMON_BLOCKS = YES;
				GCC_OPTIMIZATION_LEVEL = 0;
				GCC_PREPROCESSOR_DEFINITIONS = (
					"DEBUG=1",
					"$(inherited)",
				);
				GCC_WARN_64_TO_32_BIT_CONVERSION = YES;
				GCC_WARN_ABOUT_RETURN_TYPE = YES_ERROR;
				GCC_WARN_UNDECLARED_SELECTOR = YES;
				GCC_WARN_UNINITIALIZED_AUTOS = YES_AGGRESSIVE;
				GCC_WARN_UNUSED_FUNCTION = YES;
				GCC_WARN_UNUSED_VARIABLE = YES;
				IPHONEOS_DEPLOYMENT_TARGET = 13.7;
				MTL_ENABLE_DEBUG_INFO = INCLUDE_SOURCE;
				MTL_FAST_MATH = YES;
				ONLY_ACTIVE_ARCH = YES;
				SDKROOT = iphoneos;
				SWIFT_ACTIVE_COMPILATION_CONDITIONS = DEBUG;
				SWIFT_OPTIMIZATION_LEVEL = "-Onone";
			};
			name = Debug;
		};
		A8F2E423252788EF005ED727 /* Release */ = {
			isa = XCBuildConfiguration;
			buildSettings = {
				ALWAYS_SEARCH_USER_PATHS = NO;
				CLANG_ANALYZER_NONNULL = YES;
				CLANG_ANALYZER_NUMBER_OBJECT_CONVERSION = YES_AGGRESSIVE;
				CLANG_CXX_LANGUAGE_STANDARD = "gnu++14";
				CLANG_CXX_LIBRARY = "libc++";
				CLANG_ENABLE_MODULES = YES;
				CLANG_ENABLE_OBJC_ARC = YES;
				CLANG_ENABLE_OBJC_WEAK = YES;
				CLANG_WARN_BLOCK_CAPTURE_AUTORELEASING = YES;
				CLANG_WARN_BOOL_CONVERSION = YES;
				CLANG_WARN_COMMA = YES;
				CLANG_WARN_CONSTANT_CONVERSION = YES;
				CLANG_WARN_DEPRECATED_OBJC_IMPLEMENTATIONS = YES;
				CLANG_WARN_DIRECT_OBJC_ISA_USAGE = YES_ERROR;
				CLANG_WARN_DOCUMENTATION_COMMENTS = YES;
				CLANG_WARN_EMPTY_BODY = YES;
				CLANG_WARN_ENUM_CONVERSION = YES;
				CLANG_WARN_INFINITE_RECURSION = YES;
				CLANG_WARN_INT_CONVERSION = YES;
				CLANG_WARN_NON_LITERAL_NULL_CONVERSION = YES;
				CLANG_WARN_OBJC_IMPLICIT_RETAIN_SELF = YES;
				CLANG_WARN_OBJC_LITERAL_CONVERSION = YES;
				CLANG_WARN_OBJC_ROOT_CLASS = YES_ERROR;
				CLANG_WARN_RANGE_LOOP_ANALYSIS = YES;
				CLANG_WARN_STRICT_PROTOTYPES = YES;
				CLANG_WARN_SUSPICIOUS_MOVE = YES;
				CLANG_WARN_UNGUARDED_AVAILABILITY = YES_AGGRESSIVE;
				CLANG_WARN_UNREACHABLE_CODE = YES;
				CLANG_WARN__DUPLICATE_METHOD_MATCH = YES;
				COPY_PHASE_STRIP = NO;
				DEBUG_INFORMATION_FORMAT = "dwarf-with-dsym";
				ENABLE_NS_ASSERTIONS = NO;
				ENABLE_STRICT_OBJC_MSGSEND = YES;
				GCC_C_LANGUAGE_STANDARD = gnu11;
				GCC_NO_COMMON_BLOCKS = YES;
				GCC_WARN_64_TO_32_BIT_CONVERSION = YES;
				GCC_WARN_ABOUT_RETURN_TYPE = YES_ERROR;
				GCC_WARN_UNDECLARED_SELECTOR = YES;
				GCC_WARN_UNINITIALIZED_AUTOS = YES_AGGRESSIVE;
				GCC_WARN_UNUSED_FUNCTION = YES;
				GCC_WARN_UNUSED_VARIABLE = YES;
				IPHONEOS_DEPLOYMENT_TARGET = 13.7;
				MTL_ENABLE_DEBUG_INFO = NO;
				MTL_FAST_MATH = YES;
				SDKROOT = iphoneos;
				SWIFT_COMPILATION_MODE = wholemodule;
				SWIFT_OPTIMIZATION_LEVEL = "-O";
				VALIDATE_PRODUCT = YES;
			};
			name = Release;
		};
		A8F2E425252788EF005ED727 /* Debug */ = {
			isa = XCBuildConfiguration;
			buildSettings = {
				ASSETCATALOG_COMPILER_APPICON_NAME = AppIcon;
				CODE_SIGN_STYLE = Automatic;
				DEVELOPMENT_ASSET_PATHS = "\"GRDB5SnapshotTest/Preview Content\"";
				DEVELOPMENT_TEAM = NCWBQKR7CE;
				ENABLE_PREVIEWS = YES;
				INFOPLIST_FILE = GRDB5SnapshotTest/Info.plist;
				LD_RUNPATH_SEARCH_PATHS = (
					"$(inherited)",
					"@executable_path/Frameworks",
				);
				PRODUCT_BUNDLE_IDENTIFIER = com.benasher44.GRDB5SnapshotTest;
				PRODUCT_NAME = "$(TARGET_NAME)";
				SWIFT_VERSION = 5.0;
				TARGETED_DEVICE_FAMILY = "1,2";
			};
			name = Debug;
		};
		A8F2E426252788EF005ED727 /* Release */ = {
			isa = XCBuildConfiguration;
			buildSettings = {
				ASSETCATALOG_COMPILER_APPICON_NAME = AppIcon;
				CODE_SIGN_STYLE = Automatic;
				DEVELOPMENT_ASSET_PATHS = "\"GRDB5SnapshotTest/Preview Content\"";
				DEVELOPMENT_TEAM = NCWBQKR7CE;
				ENABLE_PREVIEWS = YES;
				INFOPLIST_FILE = GRDB5SnapshotTest/Info.plist;
				LD_RUNPATH_SEARCH_PATHS = (
					"$(inherited)",
					"@executable_path/Frameworks",
				);
				PRODUCT_BUNDLE_IDENTIFIER = com.benasher44.GRDB5SnapshotTest;
				PRODUCT_NAME = "$(TARGET_NAME)";
				SWIFT_VERSION = 5.0;
				TARGETED_DEVICE_FAMILY = "1,2";
			};
			name = Release;
		};
/* End XCBuildConfiguration section */

/* Begin XCConfigurationList section */
		A8F2E40B252788EB005ED727 /* Build configuration list for PBXProject "GRDB5SnapshotTest" */ = {
			isa = XCConfigurationList;
			buildConfigurations = (
				A8F2E422252788EF005ED727 /* Debug */,
				A8F2E423252788EF005ED727 /* Release */,
			);
			defaultConfigurationIsVisible = 0;
			defaultConfigurationName = Release;
		};
		A8F2E424252788EF005ED727 /* Build configuration list for PBXNativeTarget "GRDB5SnapshotTest" */ = {
			isa = XCConfigurationList;
			buildConfigurations = (
				A8F2E425252788EF005ED727 /* Debug */,
				A8F2E426252788EF005ED727 /* Release */,
			);
			defaultConfigurationIsVisible = 0;
			defaultConfigurationName = Release;
		};
/* End XCConfigurationList section */
	};
	rootObject = A8F2E408252788EB005ED727 /* Project object */;
}
